
Microsoft Visual Studio Solution File, Format Version 12.00
# Visual Studio Version 16
VisualStudioVersion = 16.0.29926.136
MinimumVisualStudioVersion = 10.0.40219.1
Project("{FAE04EC0-301F-11D3-BF4B-00C04F79EFBC}") = "BioParameters", "BioParameters\BioParameters.csproj", "{804ED7BE-E10A-48D4-A504-532F5152E19C}"
EndProject
Global
	GlobalSection(SolutionConfigurationPlatforms) = preSolution
		Debug|Any CPU = Debug|Any CPU
		Release|Any CPU = Release|Any CPU
	EndGlobalSection
	GlobalSection(ProjectConfigurationPlatforms) = postSolution
		{804ED7BE-E10A-48D4-A504-532F5152E19C}.Debug|Any CPU.ActiveCfg = Debug|Any CPU
		{804ED7BE-E10A-48D4-A504-532F5152E19C}.Debug|Any CPU.Build.0 = Debug|Any CPU
		{804ED7BE-E10A-48D4-A504-532F5152E19C}.Release|Any CPU.ActiveCfg = Release|Any CPU
		{804ED7BE-E10A-48D4-A504-532F5152E19C}.Release|Any CPU.Build.0 = Release|Any CPU
	EndGlobalSection
	GlobalSection(SolutionProperties) = preSolution
		HideSolutionNode = FALSE
	EndGlobalSection
	GlobalSection(ExtensibilityGlobals) = postSolution
		SolutionGuid = {DD0E10FC-0B9B-488A-BDC5-10AC4B5C1B97}
	EndGlobalSection
EndGlobal
