
Microsoft Visual Studio Solution File, Format Version 12.00
# Visual Studio 15
VisualStudioVersion = 15.0.27428.2037
MinimumVisualStudioVersion = 10.0.40219.1
Project("{FAE04EC0-301F-11D3-BF4B-00C04F79EFBC}") = "Projecto_ES_12156_12161_12962", "Projecto_ES_12156_12161_12962\Projecto_ES_12156_12161_12962.csproj", "{D4932D74-46CF-4D6C-B4B1-AC3394FF2A6B}"
EndProject
Global
	GlobalSection(SolutionConfigurationPlatforms) = preSolution
		Debug|Any CPU = Debug|Any CPU
		Release|Any CPU = Release|Any CPU
	EndGlobalSection
	GlobalSection(ProjectConfigurationPlatforms) = postSolution
		{D4932D74-46CF-4D6C-B4B1-AC3394FF2A6B}.Debug|Any CPU.ActiveCfg = Debug|Any CPU
		{D4932D74-46CF-4D6C-B4B1-AC3394FF2A6B}.Debug|Any CPU.Build.0 = Debug|Any CPU
		{D4932D74-46CF-4D6C-B4B1-AC3394FF2A6B}.Release|Any CPU.ActiveCfg = Release|Any CPU
		{D4932D74-46CF-4D6C-B4B1-AC3394FF2A6B}.Release|Any CPU.Build.0 = Release|Any CPU
	EndGlobalSection
	GlobalSection(SolutionProperties) = preSolution
		HideSolutionNode = FALSE
	EndGlobalSection
	GlobalSection(ExtensibilityGlobals) = postSolution
		SolutionGuid = {DD0E10FC-0B9B-488A-BDC5-10AC4B5C1B97}
	EndGlobalSection
EndGlobal
